
Microsoft Visual Studio Solution File, Format Version 12.00
# Visual Studio Version 17
VisualStudioVersion = 17.11.35312.102
MinimumVisualStudioVersion = 10.0.40219.1
Project("{9A19103F-16F7-4668-BE54-9A1E7A4F7556}") = "Inventories", "Inventories.csproj", "{161B3FAD-091A-46FE-851D-3E339CAEFFB0}"
EndProject
Global
	GlobalSection(SolutionConfigurationPlatforms) = preSolution
		Debug|Any CPU = Debug|Any CPU
		Release|Any CPU = Release|Any CPU
	EndGlobalSection
	GlobalSection(ProjectConfigurationPlatforms) = postSolution
		{161B3FAD-091A-46FE-851D-3E339CAEFFB0}.Debug|Any CPU.ActiveCfg = Debug|Any CPU
		{161B3FAD-091A-46FE-851D-3E339CAEFFB0}.Debug|Any CPU.Build.0 = Debug|Any CPU
		{161B3FAD-091A-46FE-851D-3E339CAEFFB0}.Release|Any CPU.ActiveCfg = Release|Any CPU
		{161B3FAD-091A-46FE-851D-3E339CAEFFB0}.Release|Any CPU.Build.0 = Release|Any CPU
	EndGlobalSection
	GlobalSection(SolutionProperties) = preSolution
		HideSolutionNode = FALSE
	EndGlobalSection
	GlobalSection(ExtensibilityGlobals) = postSolution
		SolutionGuid = {B30409E9-1066-4DFF-9AB7-2A03191390D4}
	EndGlobalSection
EndGlobal
